{
  "name": "galy",
  "version": "1.0.0",
  "lockfileVersion": 1,
  "requires": true,
  "dependencies": {
    "csstype": {
      "version": "3.0.9",
      "resolved": "https://registry.npmjs.org/csstype/-/csstype-3.0.9.tgz",
      "integrity": "sha512-rpw6JPxK6Rfg1zLOYCSwle2GFOOsnjmDYDaBwEcwoOg4qlsIVCN789VkBZDJAGi4T07gI4YSutR43t9Zz4Lzuw==",
      "optional": true
    },
    "galho": {
      "version": "file:../galho",
      "requires": {
        "csstype": "*"
      },
      "dependencies": {
        "csstype": {
          "version": "3.0.8",
          "resolved": "https://registry.npmjs.org/csstype/-/csstype-3.0.8.tgz",
          "integrity": "sha512-jXKhWqXPmlUeoQnF/EhTtTl4C9SnrxSH/jZUih3jmO6lBKr99rP3/+FmrMj4EFpOXzMtXHAZkd3x0E6h6Fgflw==",
          "optional": true
        }
      }
    },
    "galhui": {
      "version": "file:../galhui",
      "requires": {
        "csstype": "^3.0.9",
        "galho": "file:../galho",
        "inutil": "file:../inutil",
        "orray": "file:../orray",
        "ts-key-enum": "^3"
      },
      "dependencies": {
        "csstype": {
          "version": "3.0.9",
          "resolved": "https://registry.npmjs.org/csstype/-/csstype-3.0.9.tgz",
          "integrity": "sha512-rpw6JPxK6Rfg1zLOYCSwle2GFOOsnjmDYDaBwEcwoOg4qlsIVCN789VkBZDJAGi4T07gI4YSutR43t9Zz4Lzuw==",
          "optional": true
        },
        "galho": {
          "version": "file:../galho",
          "requires": {
            "csstype": "*"
          },
          "dependencies": {
            "csstype": {
              "version": "3.0.8",
              "resolved": "https://registry.npmjs.org/csstype/-/csstype-3.0.8.tgz",
              "integrity": "sha512-jXKhWqXPmlUeoQnF/EhTtTl4C9SnrxSH/jZUih3jmO6lBKr99rP3/+FmrMj4EFpOXzMtXHAZkd3x0E6h6Fgflw==",
              "optional": true
            }
          }
        },
        "inutil": {
          "version": "file:../inutil"
        },
        "orray": {
          "version": "file:../orray"
        },
        "ts-key-enum": {
          "version": "3.0.7",
          "resolved": "https://registry.npmjs.org/ts-key-enum/-/ts-key-enum-3.0.7.tgz",
          "integrity": "sha512-uXdNy0BmVJJ8MNnodyB8lHY037NAwxZTgxi/8aPtRnKMxVtVSijgJwfmQ14gPT2da5L4sDp6glr1wJmj5+zhPA==",
          "optional": true
        }
      }
    },
    "inutil": {
      "version": "file:../inutil"
    },
    "orray": {
      "version": "file:../orray"
    },
    "ts-key-enum": {
      "version": "3.0.7",
      "resolved": "https://registry.npmjs.org/ts-key-enum/-/ts-key-enum-3.0.7.tgz",
      "integrity": "sha512-uXdNy0BmVJJ8MNnodyB8lHY037NAwxZTgxi/8aPtRnKMxVtVSijgJwfmQ14gPT2da5L4sDp6glr1wJmj5+zhPA==",
      "optional": true
    }
  }
}
